
Microsoft Visual Studio Solution File, Format Version 12.00
# Visual Studio Version 16
VisualStudioVersion = 16.0.31911.196
MinimumVisualStudioVersion = 10.0.40219.1
Project("{FAE04EC0-301F-11D3-BF4B-00C04F79EFBC}") = "Order.API", "Order.API\Order.API.csproj", "{5F041997-1E3C-4C7F-9D90-AB6C70FDBF22}"
EndProject
Project("{FAE04EC0-301F-11D3-BF4B-00C04F79EFBC}") = "Stock.API", "Stock.API\Stock.API.csproj", "{30AADB23-581D-4E64-8D46-21FD03E49E03}"
EndProject
Project("{FAE04EC0-301F-11D3-BF4B-00C04F79EFBC}") = "Payment.API", "Payment.API\Payment.API.csproj", "{94968C5E-0C9C-458C-ADA0-8F8612E9F787}"
EndProject
Global
	GlobalSection(SolutionConfigurationPlatforms) = preSolution
		Debug|Any CPU = Debug|Any CPU
		Release|Any CPU = Release|Any CPU
	EndGlobalSection
	GlobalSection(ProjectConfigurationPlatforms) = postSolution
		{5F041997-1E3C-4C7F-9D90-AB6C70FDBF22}.Debug|Any CPU.ActiveCfg = Debug|Any CPU
		{5F041997-1E3C-4C7F-9D90-AB6C70FDBF22}.Debug|Any CPU.Build.0 = Debug|Any CPU
		{5F041997-1E3C-4C7F-9D90-AB6C70FDBF22}.Release|Any CPU.ActiveCfg = Release|Any CPU
		{5F041997-1E3C-4C7F-9D90-AB6C70FDBF22}.Release|Any CPU.Build.0 = Release|Any CPU
		{30AADB23-581D-4E64-8D46-21FD03E49E03}.Debug|Any CPU.ActiveCfg = Debug|Any CPU
		{30AADB23-581D-4E64-8D46-21FD03E49E03}.Debug|Any CPU.Build.0 = Debug|Any CPU
		{30AADB23-581D-4E64-8D46-21FD03E49E03}.Release|Any CPU.ActiveCfg = Release|Any CPU
		{30AADB23-581D-4E64-8D46-21FD03E49E03}.Release|Any CPU.Build.0 = Release|Any CPU
		{94968C5E-0C9C-458C-ADA0-8F8612E9F787}.Debug|Any CPU.ActiveCfg = Debug|Any CPU
		{94968C5E-0C9C-458C-ADA0-8F8612E9F787}.Debug|Any CPU.Build.0 = Debug|Any CPU
		{94968C5E-0C9C-458C-ADA0-8F8612E9F787}.Release|Any CPU.ActiveCfg = Release|Any CPU
		{94968C5E-0C9C-458C-ADA0-8F8612E9F787}.Release|Any CPU.Build.0 = Release|Any CPU
	EndGlobalSection
	GlobalSection(SolutionProperties) = preSolution
		HideSolutionNode = FALSE
	EndGlobalSection
	GlobalSection(ExtensibilityGlobals) = postSolution
		SolutionGuid = {67F3CF36-DB1C-4479-BD0F-25E9E1FB465E}
	EndGlobalSection
EndGlobal
