
Microsoft Visual Studio Solution File, Format Version 12.00
# Visual Studio Version 16
VisualStudioVersion = 16.0.31911.196
MinimumVisualStudioVersion = 10.0.40219.1
Project("{FAE04EC0-301F-11D3-BF4B-00C04F79EFBC}") = "ServiceA.API", "ServiceA.API\ServiceA.API.csproj", "{7A834ABE-6356-4F51-A182-762FB5AA73A1}"
EndProject
Project("{FAE04EC0-301F-11D3-BF4B-00C04F79EFBC}") = "ServiceB.API", "ServiceB.API\ServiceB.API.csproj", "{92E56D8B-8E13-48A0-9624-423616ACF880}"
EndProject
Global
	GlobalSection(SolutionConfigurationPlatforms) = preSolution
		Debug|Any CPU = Debug|Any CPU
		Release|Any CPU = Release|Any CPU
	EndGlobalSection
	GlobalSection(ProjectConfigurationPlatforms) = postSolution
		{7A834ABE-6356-4F51-A182-762FB5AA73A1}.Debug|Any CPU.ActiveCfg = Debug|Any CPU
		{7A834ABE-6356-4F51-A182-762FB5AA73A1}.Debug|Any CPU.Build.0 = Debug|Any CPU
		{7A834ABE-6356-4F51-A182-762FB5AA73A1}.Release|Any CPU.ActiveCfg = Release|Any CPU
		{7A834ABE-6356-4F51-A182-762FB5AA73A1}.Release|Any CPU.Build.0 = Release|Any CPU
		{92E56D8B-8E13-48A0-9624-423616ACF880}.Debug|Any CPU.ActiveCfg = Debug|Any CPU
		{92E56D8B-8E13-48A0-9624-423616ACF880}.Debug|Any CPU.Build.0 = Debug|Any CPU
		{92E56D8B-8E13-48A0-9624-423616ACF880}.Release|Any CPU.ActiveCfg = Release|Any CPU
		{92E56D8B-8E13-48A0-9624-423616ACF880}.Release|Any CPU.Build.0 = Release|Any CPU
	EndGlobalSection
	GlobalSection(SolutionProperties) = preSolution
		HideSolutionNode = FALSE
	EndGlobalSection
	GlobalSection(ExtensibilityGlobals) = postSolution
		SolutionGuid = {67F3CF36-DB1C-4479-BD0F-25E9E1FB465E}
	EndGlobalSection
EndGlobal
